
Microsoft Visual Studio Solution File, Format Version 12.00
Project("{FAE04EC0-301F-11D3-BF4B-00C04F79EFBC}") = "osu-mp3-extractor", "osu-mp3-extractor.csproj", "{A52D9402-0A06-48FE-8990-435BE21D7F6A}"
EndProject
Global
	GlobalSection(SolutionConfigurationPlatforms) = preSolution
		Debug|Any CPU = Debug|Any CPU
		Release|Any CPU = Release|Any CPU
	EndGlobalSection
	GlobalSection(ProjectConfigurationPlatforms) = postSolution
		{A52D9402-0A06-48FE-8990-435BE21D7F6A}.Debug|Any CPU.ActiveCfg = Debug|Any CPU
		{A52D9402-0A06-48FE-8990-435BE21D7F6A}.Debug|Any CPU.Build.0 = Debug|Any CPU
		{A52D9402-0A06-48FE-8990-435BE21D7F6A}.Release|Any CPU.ActiveCfg = Release|Any CPU
		{A52D9402-0A06-48FE-8990-435BE21D7F6A}.Release|Any CPU.Build.0 = Release|Any CPU
	EndGlobalSection
EndGlobal
